
Microsoft Visual Studio Solution File, Format Version 11.00
# Visual Studio 2010
Project("{CC5FD16D-436D-48AD-A40C-5A424C6E3E79}") = "CloudService1", "CloudService1\CloudService1.ccproj", "{A83C3A06-DD7E-4292-873B-D654BE378426}"
EndProject
Project("{FAE04EC0-301F-11D3-BF4B-00C04F79EFBC}") = "WCFServiceWebRole1", "WCFServiceWebRole1\WCFServiceWebRole1.csproj", "{1D40DC52-2D4A-42D5-9337-1D19F66410C6}"
EndProject
Global
	GlobalSection(SolutionConfigurationPlatforms) = preSolution
		Debug|Any CPU = Debug|Any CPU
		Release|Any CPU = Release|Any CPU
	EndGlobalSection
	GlobalSection(ProjectConfigurationPlatforms) = postSolution
		{A83C3A06-DD7E-4292-873B-D654BE378426}.Debug|Any CPU.ActiveCfg = Debug|Any CPU
		{A83C3A06-DD7E-4292-873B-D654BE378426}.Debug|Any CPU.Build.0 = Debug|Any CPU
		{A83C3A06-DD7E-4292-873B-D654BE378426}.Release|Any CPU.ActiveCfg = Release|Any CPU
		{A83C3A06-DD7E-4292-873B-D654BE378426}.Release|Any CPU.Build.0 = Release|Any CPU
		{1D40DC52-2D4A-42D5-9337-1D19F66410C6}.Debug|Any CPU.ActiveCfg = Debug|Any CPU
		{1D40DC52-2D4A-42D5-9337-1D19F66410C6}.Debug|Any CPU.Build.0 = Debug|Any CPU
		{1D40DC52-2D4A-42D5-9337-1D19F66410C6}.Release|Any CPU.ActiveCfg = Release|Any CPU
		{1D40DC52-2D4A-42D5-9337-1D19F66410C6}.Release|Any CPU.Build.0 = Release|Any CPU
	EndGlobalSection
	GlobalSection(SolutionProperties) = preSolution
		HideSolutionNode = FALSE
	EndGlobalSection
EndGlobal
